lockfileVersion: '6.0'

settings:
  autoInstallPeers: true
  excludeLinksFromLockfile: false

dependencies:
  fs-jetpack:
    specifier: ^5.1.0
    version: 5.1.0

packages:

  /balanced-match@1.0.2:
    resolution: {integrity: sha1-6D46fj8wCzTLnYf2FfoMvzV2kO4=}
    dev: false

  /brace-expansion@2.0.1:
    resolution: {integrity: sha1-HtxFng8MVISG7Pn8mfIiE2S5oK4=}
    dependencies:
      balanced-match: 1.0.2
    dev: false

  /fs-jetpack@5.1.0:
    resolution: {integrity: sha512-Xn4fDhLydXkuzepZVsr02jakLlmoARPy+YWIclo4kh0GyNGUHnTqeH/w/qIsVn50dFxtp8otPL2t/HcPJBbxUA==}
    dependencies:
      minimatch: 5.1.6
    dev: false

  /minimatch@5.1.6:
    resolution: {integrity: sha512-lKwV/1brpG6mBUFHtb7NUmtABCb2WZZmm2wNiOA5hAb8VdCS4B3dtMWyvcoViccwAW/COERjXLt0zP1zXUN26g==}
    engines: {node: '>=10'}
    dependencies:
      brace-expansion: 2.0.1
    dev: false
